
Microsoft Visual Studio Solution File, Format Version 12.00
# Visual Studio 15
VisualStudioVersion = 15.0.28010.2026
MinimumVisualStudioVersion = 10.0.40219.1
Project("{FAE04EC0-301F-11D3-BF4B-00C04F79EFBC}") = "DisplayUI", "DisplayUI\DisplayUI.csproj", "{261EE77E-3CB6-45A2-A71A-29F671AFE51E}"
EndProject
Project("{FAE04EC0-301F-11D3-BF4B-00C04F79EFBC}") = "DataAccess", "DataAccess\DataAccess.csproj", "{7A6888B8-3FB7-4F34-B188-C9CC86153F2A}"
EndProject
Project("{FAE04EC0-301F-11D3-BF4B-00C04F79EFBC}") = "BusinessLogic", "BusinessLogic\BusinessLogic.csproj", "{A22DAAA2-B268-4DB1-B2B5-A6F319159C8C}"
EndProject
Project("{FAE04EC0-301F-11D3-BF4B-00C04F79EFBC}") = "BusinessObject", "BusinessObject\BusinessObject.csproj", "{49CE1C02-7CB8-4FD0-9D31-3A46824B6961}"
EndProject
Global
	GlobalSection(SolutionConfigurationPlatforms) = preSolution
		Debug|Any CPU = Debug|Any CPU
		Release|Any CPU = Release|Any CPU
	EndGlobalSection
	GlobalSection(ProjectConfigurationPlatforms) = postSolution
		{261EE77E-3CB6-45A2-A71A-29F671AFE51E}.Debug|Any CPU.ActiveCfg = Debug|Any CPU
		{261EE77E-3CB6-45A2-A71A-29F671AFE51E}.Debug|Any CPU.Build.0 = Debug|Any CPU
		{261EE77E-3CB6-45A2-A71A-29F671AFE51E}.Release|Any CPU.ActiveCfg = Release|Any CPU
		{261EE77E-3CB6-45A2-A71A-29F671AFE51E}.Release|Any CPU.Build.0 = Release|Any CPU
		{7A6888B8-3FB7-4F34-B188-C9CC86153F2A}.Debug|Any CPU.ActiveCfg = Debug|Any CPU
		{7A6888B8-3FB7-4F34-B188-C9CC86153F2A}.Debug|Any CPU.Build.0 = Debug|Any CPU
		{7A6888B8-3FB7-4F34-B188-C9CC86153F2A}.Release|Any CPU.ActiveCfg = Release|Any CPU
		{7A6888B8-3FB7-4F34-B188-C9CC86153F2A}.Release|Any CPU.Build.0 = Release|Any CPU
		{A22DAAA2-B268-4DB1-B2B5-A6F319159C8C}.Debug|Any CPU.ActiveCfg = Debug|Any CPU
		{A22DAAA2-B268-4DB1-B2B5-A6F319159C8C}.Debug|Any CPU.Build.0 = Debug|Any CPU
		{A22DAAA2-B268-4DB1-B2B5-A6F319159C8C}.Release|Any CPU.ActiveCfg = Release|Any CPU
		{A22DAAA2-B268-4DB1-B2B5-A6F319159C8C}.Release|Any CPU.Build.0 = Release|Any CPU
		{49CE1C02-7CB8-4FD0-9D31-3A46824B6961}.Debug|Any CPU.ActiveCfg = Debug|Any CPU
		{49CE1C02-7CB8-4FD0-9D31-3A46824B6961}.Debug|Any CPU.Build.0 = Debug|Any CPU
		{49CE1C02-7CB8-4FD0-9D31-3A46824B6961}.Release|Any CPU.ActiveCfg = Release|Any CPU
		{49CE1C02-7CB8-4FD0-9D31-3A46824B6961}.Release|Any CPU.Build.0 = Release|Any CPU
	EndGlobalSection
	GlobalSection(SolutionProperties) = preSolution
		HideSolutionNode = FALSE
	EndGlobalSection
	GlobalSection(ExtensibilityGlobals) = postSolution
		SolutionGuid = {E34A3CEF-4370-45FD-BF46-471EE7042FC1}
	EndGlobalSection
EndGlobal
